
Microsoft Visual Studio Solution File, Format Version 12.00
# Visual Studio 15
VisualStudioVersion = 15.0.26430.16
MinimumVisualStudioVersion = 10.0.40219.1
Project("{FAE04EC0-301F-11D3-BF4B-00C04F79EFBC}") = "CSharp SkankyOldBusses2017", "CSharp SkankyOldBusses2017\CSharp SkankyOldBusses2017.csproj", "{4D651D14-62C2-4735-A216-5FD08FFF7C03}"
EndProject
Project("{FAE04EC0-301F-11D3-BF4B-00C04F79EFBC}") = "UnitTestProject1", "UnitTestProject1\UnitTestProject1.csproj", "{31F8BAF7-5BE0-4630-8C2D-025578926645}"
EndProject
Global
	GlobalSection(SolutionConfigurationPlatforms) = preSolution
		Debug|Any CPU = Debug|Any CPU
		Release|Any CPU = Release|Any CPU
	EndGlobalSection
	GlobalSection(ProjectConfigurationPlatforms) = postSolution
		{4D651D14-62C2-4735-A216-5FD08FFF7C03}.Debug|Any CPU.ActiveCfg = Debug|Any CPU
		{4D651D14-62C2-4735-A216-5FD08FFF7C03}.Debug|Any CPU.Build.0 = Debug|Any CPU
		{4D651D14-62C2-4735-A216-5FD08FFF7C03}.Release|Any CPU.ActiveCfg = Release|Any CPU
		{4D651D14-62C2-4735-A216-5FD08FFF7C03}.Release|Any CPU.Build.0 = Release|Any CPU
		{31F8BAF7-5BE0-4630-8C2D-025578926645}.Debug|Any CPU.ActiveCfg = Debug|Any CPU
		{31F8BAF7-5BE0-4630-8C2D-025578926645}.Debug|Any CPU.Build.0 = Debug|Any CPU
		{31F8BAF7-5BE0-4630-8C2D-025578926645}.Release|Any CPU.ActiveCfg = Release|Any CPU
		{31F8BAF7-5BE0-4630-8C2D-025578926645}.Release|Any CPU.Build.0 = Release|Any CPU
	EndGlobalSection
	GlobalSection(SolutionProperties) = preSolution
		HideSolutionNode = FALSE
	EndGlobalSection
EndGlobal
